
Microsoft Visual Studio Solution File, Format Version 12.00
# Visual Studio Version 17
VisualStudioVersion = 17.6.33712.159
MinimumVisualStudioVersion = 10.0.40219.1
Project("{FAE04EC0-301F-11D3-BF4B-00C04F79EFBC}") = "Timer", "Timer.csproj", "{341360FE-59C3-473B-ADE3-41462DBCF1E8}"
EndProject
Global
	GlobalSection(SolutionConfigurationPlatforms) = preSolution
		Debug|Any CPU = Debug|Any CPU
		Release|Any CPU = Release|Any CPU
	EndGlobalSection
	GlobalSection(ProjectConfigurationPlatforms) = postSolution
		{341360FE-59C3-473B-ADE3-41462DBCF1E8}.Debug|Any CPU.ActiveCfg = Debug|Any CPU
		{341360FE-59C3-473B-ADE3-41462DBCF1E8}.Debug|Any CPU.Build.0 = Debug|Any CPU
		{341360FE-59C3-473B-ADE3-41462DBCF1E8}.Release|Any CPU.ActiveCfg = Release|Any CPU
		{341360FE-59C3-473B-ADE3-41462DBCF1E8}.Release|Any CPU.Build.0 = Release|Any CPU
	EndGlobalSection
	GlobalSection(SolutionProperties) = preSolution
		HideSolutionNode = FALSE
	EndGlobalSection
	GlobalSection(ExtensibilityGlobals) = postSolution
		SolutionGuid = {CE2AF787-F3D3-4362-93B7-6DA721B7A26F}
	EndGlobalSection
EndGlobal
